// !$*UTF8*$!
{
	archiveVersion = 1;
	classes = {
	};
	objectVersion = 46;
	objects = {

/* Begin PBXBuildFile section */
		933278FE1960F16B00CD9196 /* WikiBirdImporter.sqlite in Resources */ = {isa = PBXBuildFile; fileRef = 933278FB1960F16B00CD9196 /* WikiBirdImporter.sqlite */; };
		933278FF1960F16B00CD9196 /* WikiBirdImporter.sqlite-shm in Resources */ = {isa = PBXBuildFile; fileRef = 933278FC1960F16B00CD9196 /* WikiBirdImporter.sqlite-shm */; };
		933279001960F16B00CD9196 /* WikiBirdImporter.sqlite-wal in Resources */ = {isa = PBXBuildFile; fileRef = 933278FD1960F16B00CD9196 /* WikiBirdImporter.sqlite-wal */; };
		933279051960F31900CD9196 /* CoreDataTableViewController.m in Sources */ = {isa = PBXBuildFile; fileRef = 933279041960F31900CD9196 /* CoreDataTableViewController.m */; };
		93519072195CD035007B94DB /* Foundation.framework in Frameworks */ = {isa = PBXBuildFile; fileRef = 93519071195CD035007B94DB /* Foundation.framework */; };
		93519074195CD035007B94DB /* CoreGraphics.framework in Frameworks */ = {isa = PBXBuildFile; fileRef = 93519073195CD035007B94DB /* CoreGraphics.framework */; };
		93519076195CD035007B94DB /* UIKit.framework in Frameworks */ = {isa = PBXBuildFile; fileRef = 93519075195CD035007B94DB /* UIKit.framework */; };
		9351907C195CD035007B94DB /* InfoPlist.strings in Resources */ = {isa = PBXBuildFile; fileRef = 9351907A195CD035007B94DB /* InfoPlist.strings */; };
		9351907E195CD035007B94DB /* main.m in Sources */ = {isa = PBXBuildFile; fileRef = 9351907D195CD035007B94DB /* main.m */; };
		93519082195CD035007B94DB /* AppDelegate.m in Sources */ = {isa = PBXBuildFile; fileRef = 93519081195CD035007B94DB /* AppDelegate.m */; };
		93519085195CD035007B94DB /* Main_iPhone.storyboard in Resources */ = {isa = PBXBuildFile; fileRef = 93519083195CD035007B94DB /* Main_iPhone.storyboard */; };
		93519088195CD035007B94DB /* Main_iPad.storyboard in Resources */ = {isa = PBXBuildFile; fileRef = 93519086195CD035007B94DB /* Main_iPad.storyboard */; };
		9351908D195CD035007B94DB /* Images.xcassets in Resources */ = {isa = PBXBuildFile; fileRef = 9351908C195CD035007B94DB /* Images.xcassets */; };
		93519094195CD035007B94DB /* XCTest.framework in Frameworks */ = {isa = PBXBuildFile; fileRef = 93519093195CD035007B94DB /* XCTest.framework */; };
		93519095195CD035007B94DB /* Foundation.framework in Frameworks */ = {isa = PBXBuildFile; fileRef = 93519071195CD035007B94DB /* Foundation.framework */; };
		93519096195CD035007B94DB /* UIKit.framework in Frameworks */ = {isa = PBXBuildFile; fileRef = 93519075195CD035007B94DB /* UIKit.framework */; };
		9351909E195CD035007B94DB /* InfoPlist.strings in Resources */ = {isa = PBXBuildFile; fileRef = 9351909C195CD035007B94DB /* InfoPlist.strings */; };
		935190A0195CD035007B94DB /* WikiBirdTests.m in Sources */ = {isa = PBXBuildFile; fileRef = 9351909F195CD035007B94DB /* WikiBirdTests.m */; };
		935190E8195DC7D4007B94DB /* WikiBird.xcdatamodeld in Sources */ = {isa = PBXBuildFile; fileRef = 935190D4195DC7D4007B94DB /* WikiBird.xcdatamodeld */; };
		935190E9195DC7D4007B94DB /* Bird+Helper.m in Sources */ = {isa = PBXBuildFile; fileRef = 935190D8195DC7D4007B94DB /* Bird+Helper.m */; };
		935190EA195DC7D4007B94DB /* BirdImage+Helper.m in Sources */ = {isa = PBXBuildFile; fileRef = 935190DA195DC7D4007B94DB /* BirdImage+Helper.m */; };
		935190EB195DC7D4007B94DB /* ManagedObjectContext.m in Sources */ = {isa = PBXBuildFile; fileRef = 935190DC195DC7D4007B94DB /* ManagedObjectContext.m */; };
		935190EC195DC7D4007B94DB /* NSManagedObject+Helper.m in Sources */ = {isa = PBXBuildFile; fileRef = 935190DE195DC7D4007B94DB /* NSManagedObject+Helper.m */; };
		935190ED195DC7D4007B94DB /* Bird.m in Sources */ = {isa = PBXBuildFile; fileRef = 935190E1195DC7D4007B94DB /* Bird.m */; };
		935190EE195DC7D4007B94DB /* BirdGroup.m in Sources */ = {isa = PBXBuildFile; fileRef = 935190E3195DC7D4007B94DB /* BirdGroup.m */; };
		935190EF195DC7D4007B94DB /* BirdImage.m in Sources */ = {isa = PBXBuildFile; fileRef = 935190E5195DC7D4007B94DB /* BirdImage.m */; };
		935190F0195DC7D4007B94DB /* State.m in Sources */ = {isa = PBXBuildFile; fileRef = 935190E7195DC7D4007B94DB /* State.m */; };
		935190F5195DC7E2007B94DB /* api_key.txt in Resources */ = {isa = PBXBuildFile; fileRef = 935190F2195DC7E2007B94DB /* api_key.txt */; };
		935190F6195DC7E2007B94DB /* FlickrAPI.m in Sources */ = {isa = PBXBuildFile; fileRef = 935190F4195DC7E2007B94DB /* FlickrAPI.m */; };
		935190FB195DC7EB007B94DB /* BirdGroupTableViewController.m in Sources */ = {isa = PBXBuildFile; fileRef = 935190FA195DC7EB007B94DB /* BirdGroupTableViewController.m */; };
/* End PBXBuildFile section */

/* Begin PBXContainerItemProxy section */
		93519097195CD035007B94DB /* PBXContainerItemProxy */ = {
			isa = PBXContainerItemProxy;
			containerPortal = 93519066195CD035007B94DB /* Project object */;
			proxyType = 1;
			remoteGlobalIDString = 9351906D195CD035007B94DB;
			remoteInfo = WikiBird;
		};
/* End PBXContainerItemProxy section */

/* Begin PBXFileReference section */
		933278FB1960F16B00CD9196 /* WikiBirdImporter.sqlite */ = {isa = PBXFileReference; lastKnownFileType = file; path = WikiBirdImporter.sqlite; sourceTree = "<group>"; };
		933278FC1960F16B00CD9196 /* WikiBirdImporter.sqlite-shm */ = {isa = PBXFileReference; lastKnownFileType = file; path = "WikiBirdImporter.sqlite-shm"; sourceTree = "<group>"; };
		933278FD1960F16B00CD9196 /* WikiBirdImporter.sqlite-wal */ = {isa = PBXFileReference; lastKnownFileType = file; path = "WikiBirdImporter.sqlite-wal"; sourceTree = "<group>"; };
		933279031960F31900CD9196 /* CoreDataTableViewController.h */ = {isa = PBXFileReference; fileEncoding = 4; lastKnownFileType = sourcecode.c.h; path = CoreDataTableViewController.h; sourceTree = "<group>"; };
		933279041960F31900CD9196 /* CoreDataTableViewController.m */ = {isa = PBXFileReference; fileEncoding = 4; lastKnownFileType = sourcecode.c.objc; path = CoreDataTableViewController.m; sourceTree = "<group>"; };
		9351906E195CD035007B94DB /* WikiBird.app */ = {isa = PBXFileReference; explicitFileType = wrapper.application; includeInIndex = 0; path = WikiBird.app; sourceTree = BUILT_PRODUCTS_DIR; };
		93519071195CD035007B94DB /* Foundation.framework */ = {isa = PBXFileReference; lastKnownFileType = wrapper.framework; name = Foundation.framework; path = System/Library/Frameworks/Foundation.framework; sourceTree = SDKROOT; };
		93519073195CD035007B94DB /* CoreGraphics.framework */ = {isa = PBXFileReference; lastKnownFileType = wrapper.framework; name = CoreGraphics.framework; path = System/Library/Frameworks/CoreGraphics.framework; sourceTree = SDKROOT; };
		93519075195CD035007B94DB /* UIKit.framework */ = {isa = PBXFileReference; lastKnownFileType = wrapper.framework; name = UIKit.framework; path = System/Library/Frameworks/UIKit.framework; sourceTree = SDKROOT; };
		93519079195CD035007B94DB /* WikiBird-Info.plist */ = {isa = PBXFileReference; lastKnownFileType = text.plist.xml; path = "WikiBird-Info.plist"; sourceTree = "<group>"; };
		9351907B195CD035007B94DB /* en */ = {isa = PBXFileReference; lastKnownFileType = text.plist.strings; name = en; path = en.lproj/InfoPlist.strings; sourceTree = "<group>"; };
		9351907D195CD035007B94DB /* main.m */ = {isa = PBXFileReference; lastKnownFileType = sourcecode.c.objc; path = main.m; sourceTree = "<group>"; };
		9351907F195CD035007B94DB /* WikiBird-Prefix.pch */ = {isa = PBXFileReference; lastKnownFileType = sourcecode.c.h; path = "WikiBird-Prefix.pch"; sourceTree = "<group>"; };
		93519080195CD035007B94DB /* AppDelegate.h */ = {isa = PBXFileReference; lastKnownFileType = sourcecode.c.h; path = AppDelegate.h; sourceTree = "<group>"; };
		93519081195CD035007B94DB /* AppDelegate.m */ = {isa = PBXFileReference; lastKnownFileType = sourcecode.c.objc; path = AppDelegate.m; sourceTree = "<group>"; };
		93519084195CD035007B94DB /* Base */ = {isa = PBXFileReference; lastKnownFileType = file.storyboard; name = Base; path = Base.lproj/Main_iPhone.storyboard; sourceTree = "<group>"; };
		93519087195CD035007B94DB /* Base */ = {isa = PBXFileReference; lastKnownFileType = file.storyboard; name = Base; path = Base.lproj/Main_iPad.storyboard; sourceTree = "<group>"; };
		9351908C195CD035007B94DB /* Images.xcassets */ = {isa = PBXFileReference; lastKnownFileType = folder.assetcatalog; path = Images.xcassets; sourceTree = "<group>"; };
		93519092195CD035007B94DB /* WikiBirdTests.xctest */ = {isa = PBXFileReference; explicitFileType = wrapper.cfbundle; includeInIndex = 0; path = WikiBirdTests.xctest; sourceTree = BUILT_PRODUCTS_DIR; };
		93519093195CD035007B94DB /* XCTest.framework */ = {isa = PBXFileReference; lastKnownFileType = wrapper.framework; name = XCTest.framework; path = Library/Frameworks/XCTest.framework; sourceTree = DEVELOPER_DIR; };
		9351909B195CD035007B94DB /* WikiBirdTests-Info.plist */ = {isa = PBXFileReference; lastKnownFileType = text.plist.xml; path = "WikiBirdTests-Info.plist"; sourceTree = "<group>"; };
		9351909D195CD035007B94DB /* en */ = {isa = PBXFileReference; lastKnownFileType = text.plist.strings; name = en; path = en.lproj/InfoPlist.strings; sourceTree = "<group>"; };
		9351909F195CD035007B94DB /* WikiBirdTests.m */ = {isa = PBXFileReference; lastKnownFileType = sourcecode.c.objc; path = WikiBirdTests.m; sourceTree = "<group>"; };
		935190D5195DC7D4007B94DB /* WikiBird.xcdatamodel */ = {isa = PBXFileReference; lastKnownFileType = wrapper.xcdatamodel; path = WikiBird.xcdatamodel; sourceTree = "<group>"; };
		935190D7195DC7D4007B94DB /* Bird+Helper.h */ = {isa = PBXFileReference; fileEncoding = 4; lastKnownFileType = sourcecode.c.h; path = "Bird+Helper.h"; sourceTree = "<group>"; };
		935190D8195DC7D4007B94DB /* Bird+Helper.m */ = {isa = PBXFileReference; fileEncoding = 4; lastKnownFileType = sourcecode.c.objc; path = "Bird+Helper.m"; sourceTree = "<group>"; };
		935190D9195DC7D4007B94DB /* BirdImage+Helper.h */ = {isa = PBXFileReference; fileEncoding = 4; lastKnownFileType = sourcecode.c.h; path = "BirdImage+Helper.h"; sourceTree = "<group>"; };
		935190DA195DC7D4007B94DB /* BirdImage+Helper.m */ = {isa = PBXFileReference; fileEncoding = 4; lastKnownFileType = sourcecode.c.objc; path = "BirdImage+Helper.m"; sourceTree = "<group>"; };
		935190DB195DC7D4007B94DB /* ManagedObjectContext.h */ = {isa = PBXFileReference; fileEncoding = 4; lastKnownFileType = sourcecode.c.h; path = ManagedObjectContext.h; sourceTree = "<group>"; };
		935190DC195DC7D4007B94DB /* ManagedObjectContext.m */ = {isa = PBXFileReference; fileEncoding = 4; lastKnownFileType = sourcecode.c.objc; path = ManagedObjectContext.m; sourceTree = "<group>"; };
		935190DD195DC7D4007B94DB /* NSManagedObject+Helper.h */ = {isa = PBXFileReference; fileEncoding = 4; lastKnownFileType = sourcecode.c.h; path = "NSManagedObject+Helper.h"; sourceTree = "<group>"; };
		935190DE195DC7D4007B94DB /* NSManagedObject+Helper.m */ = {isa = PBXFileReference; fileEncoding = 4; lastKnownFileType = sourcecode.c.objc; path = "NSManagedObject+Helper.m"; sourceTree = "<group>"; };
		935190E0195DC7D4007B94DB /* Bird.h */ = {isa = PBXFileReference; fileEncoding = 4; lastKnownFileType = sourcecode.c.h; path = Bird.h; sourceTree = "<group>"; };
		935190E1195DC7D4007B94DB /* Bird.m */ = {isa = PBXFileReference; fileEncoding = 4; lastKnownFileType = sourcecode.c.objc; path = Bird.m; sourceTree = "<group>"; };
		935190E2195DC7D4007B94DB /* BirdGroup.h */ = {isa = PBXFileReference; fileEncoding = 4; lastKnownFileType = sourcecode.c.h; path = BirdGroup.h; sourceTree = "<group>"; };
		935190E3195DC7D4007B94DB /* BirdGroup.m */ = {isa = PBXFileReference; fileEncoding = 4; lastKnownFileType = sourcecode.c.objc; path = BirdGroup.m; sourceTree = "<group>"; };
		935190E4195DC7D4007B94DB /* BirdImage.h */ = {isa = PBXFileReference; fileEncoding = 4; lastKnownFileType = sourcecode.c.h; path = BirdImage.h; sourceTree = "<group>"; };
		935190E5195DC7D4007B94DB /* BirdImage.m */ = {isa = PBXFileReference; fileEncoding = 4; lastKnownFileType = sourcecode.c.objc; path = BirdImage.m; sourceTree = "<group>"; };
		935190E6195DC7D4007B94DB /* State.h */ = {isa = PBXFileReference; fileEncoding = 4; lastKnownFileType = sourcecode.c.h; path = State.h; sourceTree = "<group>"; };
		935190E7195DC7D4007B94DB /* State.m */ = {isa = PBXFileReference; fileEncoding = 4; lastKnownFileType = sourcecode.c.objc; path = State.m; sourceTree = "<group>"; };
		935190F2195DC7E2007B94DB /* api_key.txt */ = {isa = PBXFileReference; fileEncoding = 4; lastKnownFileType = text; path = api_key.txt; sourceTree = "<group>"; };
		935190F3195DC7E2007B94DB /* FlickrAPI.h */ = {isa = PBXFileReference; fileEncoding = 4; lastKnownFileType = sourcecode.c.h; path = FlickrAPI.h; sourceTree = "<group>"; };
		935190F4195DC7E2007B94DB /* FlickrAPI.m */ = {isa = PBXFileReference; fileEncoding = 4; lastKnownFileType = sourcecode.c.objc; path = FlickrAPI.m; sourceTree = "<group>"; };
		935190F9195DC7EB007B94DB /* BirdGroupTableViewController.h */ = {isa = PBXFileReference; fileEncoding = 4; lastKnownFileType = sourcecode.c.h; path = BirdGroupTableViewController.h; sourceTree = "<group>"; };
		935190FA195DC7EB007B94DB /* BirdGroupTableViewController.m */ = {isa = PBXFileReference; fileEncoding = 4; lastKnownFileType = sourcecode.c.objc; path = BirdGroupTableViewController.m; sourceTree = "<group>"; };
/* End PBXFileReference section */

/* Begin PBXFrameworksBuildPhase section */
		9351906B195CD035007B94DB /* Frameworks */ = {
			isa = PBXFrameworksBuildPhase;
			buildActionMask = 2147483647;
			files = (
				93519074195CD035007B94DB /* CoreGraphics.framework in Frameworks */,
				93519076195CD035007B94DB /* UIKit.framework in Frameworks */,
				93519072195CD035007B94DB /* Foundation.framework in Frameworks */,
			);
			runOnlyForDeploymentPostprocessing = 0;
		};
		9351908F195CD035007B94DB /* Frameworks */ = {
			isa = PBXFrameworksBuildPhase;
			buildActionMask = 2147483647;
			files = (
				93519094195CD035007B94DB /* XCTest.framework in Frameworks */,
				93519096195CD035007B94DB /* UIKit.framework in Frameworks */,
				93519095195CD035007B94DB /* Foundation.framework in Frameworks */,
			);
			runOnlyForDeploymentPostprocessing = 0;
		};
/* End PBXFrameworksBuildPhase section */

/* Begin PBXGroup section */
		933278FA1960F16B00CD9196 /* PreloadedData */ = {
			isa = PBXGroup;
			children = (
				933278FB1960F16B00CD9196 /* WikiBirdImporter.sqlite */,
				933278FC1960F16B00CD9196 /* WikiBirdImporter.sqlite-shm */,
				933278FD1960F16B00CD9196 /* WikiBirdImporter.sqlite-wal */,
			);
			path = PreloadedData;
			sourceTree = "<group>";
		};
		933279021960F2D300CD9196 /* CoreDataViewController */ = {
			isa = PBXGroup;
			children = (
				933279031960F31900CD9196 /* CoreDataTableViewController.h */,
				933279041960F31900CD9196 /* CoreDataTableViewController.m */,
			);
			path = CoreDataViewController;
			sourceTree = "<group>";
		};
		93519065195CD035007B94DB = {
			isa = PBXGroup;
			children = (
				93519077195CD035007B94DB /* WikiBird */,
				93519099195CD035007B94DB /* WikiBirdTests */,
				93519070195CD035007B94DB /* Frameworks */,
				9351906F195CD035007B94DB /* Products */,
			);
			sourceTree = "<group>";
		};
		9351906F195CD035007B94DB /* Products */ = {
			isa = PBXGroup;
			children = (
				9351906E195CD035007B94DB /* WikiBird.app */,
				93519092195CD035007B94DB /* WikiBirdTests.xctest */,
			);
			name = Products;
			sourceTree = "<group>";
		};
		93519070195CD035007B94DB /* Frameworks */ = {
			isa = PBXGroup;
			children = (
				93519071195CD035007B94DB /* Foundation.framework */,
				93519073195CD035007B94DB /* CoreGraphics.framework */,
				93519075195CD035007B94DB /* UIKit.framework */,
				93519093195CD035007B94DB /* XCTest.framework */,
			);
			name = Frameworks;
			sourceTree = "<group>";
		};
		93519077195CD035007B94DB /* WikiBird */ = {
			isa = PBXGroup;
			children = (
				935190D3195DC7D4007B94DB /* CoreData */,
				935190F1195DC7E2007B94DB /* Flickr */,
				93519078195CD035007B94DB /* Supporting Files */,
				935190F7195DC7EB007B94DB /* ViewControllers */,
				93519080195CD035007B94DB /* AppDelegate.h */,
				93519081195CD035007B94DB /* AppDelegate.m */,
				93519083195CD035007B94DB /* Main_iPhone.storyboard */,
				93519086195CD035007B94DB /* Main_iPad.storyboard */,
				9351908C195CD035007B94DB /* Images.xcassets */,
			);
			path = WikiBird;
			sourceTree = "<group>";
		};
		93519078195CD035007B94DB /* Supporting Files */ = {
			isa = PBXGroup;
			children = (
				93519079195CD035007B94DB /* WikiBird-Info.plist */,
				9351907A195CD035007B94DB /* InfoPlist.strings */,
				9351907D195CD035007B94DB /* main.m */,
				9351907F195CD035007B94DB /* WikiBird-Prefix.pch */,
			);
			name = "Supporting Files";
			sourceTree = "<group>";
		};
		93519099195CD035007B94DB /* WikiBirdTests */ = {
			isa = PBXGroup;
			children = (
				9351909F195CD035007B94DB /* WikiBirdTests.m */,
				9351909A195CD035007B94DB /* Supporting Files */,
			);
			path = WikiBirdTests;
			sourceTree = "<group>";
		};
		9351909A195CD035007B94DB /* Supporting Files */ = {
			isa = PBXGroup;
			children = (
				9351909B195CD035007B94DB /* WikiBirdTests-Info.plist */,
				9351909C195CD035007B94DB /* InfoPlist.strings */,
			);
			name = "Supporting Files";
			sourceTree = "<group>";
		};
		935190D3195DC7D4007B94DB /* CoreData */ = {
			isa = PBXGroup;
			children = (
				935190D4195DC7D4007B94DB /* WikiBird.xcdatamodeld */,
				935190D6195DC7D4007B94DB /* Categories */,
				935190DF195DC7D4007B94DB /* Models */,
				933278FA1960F16B00CD9196 /* PreloadedData */,
			);
			path = CoreData;
			sourceTree = "<group>";
		};
		935190D6195DC7D4007B94DB /* Categories */ = {
			isa = PBXGroup;
			children = (
				935190D7195DC7D4007B94DB /* Bird+Helper.h */,
				935190D8195DC7D4007B94DB /* Bird+Helper.m */,
				935190D9195DC7D4007B94DB /* BirdImage+Helper.h */,
				935190DA195DC7D4007B94DB /* BirdImage+Helper.m */,
				935190DB195DC7D4007B94DB /* ManagedObjectContext.h */,
				935190DC195DC7D4007B94DB /* ManagedObjectContext.m */,
				935190DD195DC7D4007B94DB /* NSManagedObject+Helper.h */,
				935190DE195DC7D4007B94DB /* NSManagedObject+Helper.m */,
			);
			path = Categories;
			sourceTree = "<group>";
		};
		935190DF195DC7D4007B94DB /* Models */ = {
			isa = PBXGroup;
			children = (
				935190E0195DC7D4007B94DB /* Bird.h */,
				935190E1195DC7D4007B94DB /* Bird.m */,
				935190E2195DC7D4007B94DB /* BirdGroup.h */,
				935190E3195DC7D4007B94DB /* BirdGroup.m */,
				935190E4195DC7D4007B94DB /* BirdImage.h */,
				935190E5195DC7D4007B94DB /* BirdImage.m */,
				935190E6195DC7D4007B94DB /* State.h */,
				935190E7195DC7D4007B94DB /* State.m */,
			);
			path = Models;
			sourceTree = "<group>";
		};
		935190F1195DC7E2007B94DB /* Flickr */ = {
			isa = PBXGroup;
			children = (
				935190F2195DC7E2007B94DB /* api_key.txt */,
				935190F3195DC7E2007B94DB /* FlickrAPI.h */,
				935190F4195DC7E2007B94DB /* FlickrAPI.m */,
			);
			path = Flickr;
			sourceTree = "<group>";
		};
		935190F7195DC7EB007B94DB /* ViewControllers */ = {
			isa = PBXGroup;
			children = (
				933279021960F2D300CD9196 /* CoreDataViewController */,
				935190F8195DC7EB007B94DB /* BirdGroupTableViewController */,
			);
			path = ViewControllers;
			sourceTree = "<group>";
		};
		935190F8195DC7EB007B94DB /* BirdGroupTableViewController */ = {
			isa = PBXGroup;
			children = (
				935190F9195DC7EB007B94DB /* BirdGroupTableViewController.h */,
				935190FA195DC7EB007B94DB /* BirdGroupTableViewController.m */,
			);
			path = BirdGroupTableViewController;
			sourceTree = "<group>";
		};
/* End PBXGroup section */

/* Begin PBXNativeTarget section */
		9351906D195CD035007B94DB /* WikiBird */ = {
			isa = PBXNativeTarget;
			buildConfigurationList = 935190A3195CD035007B94DB /* Build configuration list for PBXNativeTarget "WikiBird" */;
			buildPhases = (
				9351906A195CD035007B94DB /* Sources */,
				9351906B195CD035007B94DB /* Frameworks */,
				9351906C195CD035007B94DB /* Resources */,
			);
			buildRules = (
			);
			dependencies = (
			);
			name = WikiBird;
			productName = WikiBird;
			productReference = 9351906E195CD035007B94DB /* WikiBird.app */;
			productType = "com.apple.product-type.application";
		};
		93519091195CD035007B94DB /* WikiBirdTests */ = {
			isa = PBXNativeTarget;
			buildConfigurationList = 935190A6195CD035007B94DB /* Build configuration list for PBXNativeTarget "WikiBirdTests" */;
			buildPhases = (
				9351908E195CD035007B94DB /* Sources */,
				9351908F195CD035007B94DB /* Frameworks */,
				93519090195CD035007B94DB /* Resources */,
			);
			buildRules = (
			);
			dependencies = (
				93519098195CD035007B94DB /* PBXTargetDependency */,
			);
			name = WikiBirdTests;
			productName = WikiBirdTests;
			productReference = 93519092195CD035007B94DB /* WikiBirdTests.xctest */;
			productType = "com.apple.product-type.bundle.unit-test";
		};
/* End PBXNativeTarget section */

/* Begin PBXProject section */
		93519066195CD035007B94DB /* Project object */ = {
			isa = PBXProject;
			attributes = {
				LastUpgradeCheck = 0510;
				ORGANIZATIONNAME = "Grant Amos";
				TargetAttributes = {
					93519091195CD035007B94DB = {
						TestTargetID = 9351906D195CD035007B94DB;
					};
				};
			};
			buildConfigurationList = 93519069195CD035007B94DB /* Build configuration list for PBXProject "WikiBird" */;
			compatibilityVersion = "Xcode 3.2";
			developmentRegion = English;
			hasScannedForEncodings = 0;
			knownRegions = (
				en,
				Base,
			);
			mainGroup = 93519065195CD035007B94DB;
			productRefGroup = 9351906F195CD035007B94DB /* Products */;
			projectDirPath = "";
			projectRoot = "";
			targets = (
				9351906D195CD035007B94DB /* WikiBird */,
				93519091195CD035007B94DB /* WikiBirdTests */,
			);
		};
/* End PBXProject section */

/* Begin PBXResourcesBuildPhase section */
		9351906C195CD035007B94DB /* Resources */ = {
			isa = PBXResourcesBuildPhase;
			buildActionMask = 2147483647;
			files = (
				93519088195CD035007B94DB /* Main_iPad.storyboard in Resources */,
				933278FF1960F16B00CD9196 /* WikiBirdImporter.sqlite-shm in Resources */,
				9351908D195CD035007B94DB /* Images.xcassets in Resources */,
				933279001960F16B00CD9196 /* WikiBirdImporter.sqlite-wal in Resources */,
				93519085195CD035007B94DB /* Main_iPhone.storyboard in Resources */,
				935190F5195DC7E2007B94DB /* api_key.txt in Resources */,
				933278FE1960F16B00CD9196 /* WikiBirdImporter.sqlite in Resources */,
				9351907C195CD035007B94DB /* InfoPlist.strings in Resources */,
			);
			runOnlyForDeploymentPostprocessing = 0;
		};
		93519090195CD035007B94DB /* Resources */ = {
			isa = PBXResourcesBuildPhase;
			buildActionMask = 2147483647;
			files = (
				9351909E195CD035007B94DB /* InfoPlist.strings in Resources */,
			);
			runOnlyForDeploymentPostprocessing = 0;
		};
/* End PBXResourcesBuildPhase section */

/* Begin PBXSourcesBuildPhase section */
		9351906A195CD035007B94DB /* Sources */ = {
			isa = PBXSourcesBuildPhase;
			buildActionMask = 2147483647;
			files = (
				935190EF195DC7D4007B94DB /* BirdImage.m in Sources */,
				935190EB195DC7D4007B94DB /* ManagedObjectContext.m in Sources */,
				933279051960F31900CD9196 /* CoreDataTableViewController.m in Sources */,
				935190E9195DC7D4007B94DB /* Bird+Helper.m in Sources */,
				935190F6195DC7E2007B94DB /* FlickrAPI.m in Sources */,
				935190F0195DC7D4007B94DB /* State.m in Sources */,
				935190ED195DC7D4007B94DB /* Bird.m in Sources */,
				935190FB195DC7EB007B94DB /* BirdGroupTableViewController.m in Sources */,
				93519082195CD035007B94DB /* AppDelegate.m in Sources */,
				935190E8195DC7D4007B94DB /* WikiBird.xcdatamodeld in Sources */,
				935190EA195DC7D4007B94DB /* BirdImage+Helper.m in Sources */,
				935190EE195DC7D4007B94DB /* BirdGroup.m in Sources */,
				935190EC195DC7D4007B94DB /* NSManagedObject+Helper.m in Sources */,
				9351907E195CD035007B94DB /* main.m in Sources */,
			);
			runOnlyForDeploymentPostprocessing = 0;
		};
		9351908E195CD035007B94DB /* Sources */ = {
			isa = PBXSourcesBuildPhase;
			buildActionMask = 2147483647;
			files = (
				935190A0195CD035007B94DB /* WikiBirdTests.m in Sources */,
			);
			runOnlyForDeploymentPostprocessing = 0;
		};
/* End PBXSourcesBuildPhase section */

/* Begin PBXTargetDependency section */
		93519098195CD035007B94DB /* PBXTargetDependency */ = {
			isa = PBXTargetDependency;
			target = 9351906D195CD035007B94DB /* WikiBird */;
			targetProxy = 93519097195CD035007B94DB /* PBXContainerItemProxy */;
		};
/* End PBXTargetDependency section */

/* Begin PBXVariantGroup section */
		9351907A195CD035007B94DB /* InfoPlist.strings */ = {
			isa = PBXVariantGroup;
			children = (
				9351907B195CD035007B94DB /* en */,
			);
			name = InfoPlist.strings;
			sourceTree = "<group>";
		};
		93519083195CD035007B94DB /* Main_iPhone.storyboard */ = {
			isa = PBXVariantGroup;
			children = (
				93519084195CD035007B94DB /* Base */,
			);
			name = Main_iPhone.storyboard;
			sourceTree = "<group>";
		};
		93519086195CD035007B94DB /* Main_iPad.storyboard */ = {
			isa = PBXVariantGroup;
			children = (
				93519087195CD035007B94DB /* Base */,
			);
			name = Main_iPad.storyboard;
			sourceTree = "<group>";
		};
		9351909C195CD035007B94DB /* InfoPlist.strings */ = {
			isa = PBXVariantGroup;
			children = (
				9351909D195CD035007B94DB /* en */,
			);
			name = InfoPlist.strings;
			sourceTree = "<group>";
		};
/* End PBXVariantGroup section */

/* Begin XCBuildConfiguration section */
		935190A1195CD035007B94DB /* Debug */ = {
			isa = XCBuildConfiguration;
			buildSettings = {
				ALWAYS_SEARCH_USER_PATHS = NO;
				CLANG_CXX_LANGUAGE_STANDARD = "gnu++0x";
				CLANG_CXX_LIBRARY = "libc++";
				CLANG_ENABLE_MODULES = YES;
				CLANG_ENABLE_OBJC_ARC = YES;
				CLANG_WARN_BOOL_CONVERSION = YES;
				CLANG_WARN_CONSTANT_CONVERSION = YES;
				CLANG_WARN_DIRECT_OBJC_ISA_USAGE = YES_ERROR;
				CLANG_WARN_EMPTY_BODY = YES;
				CLANG_WARN_ENUM_CONVERSION = YES;
				CLANG_WARN_INT_CONVERSION = YES;
				CLANG_WARN_OBJC_ROOT_CLASS = YES_ERROR;
				CLANG_WARN__DUPLICATE_METHOD_MATCH = YES;
				"CODE_SIGN_IDENTITY[sdk=iphoneos*]" = "iPhone Developer";
				COPY_PHASE_STRIP = NO;
				GCC_C_LANGUAGE_STANDARD = gnu99;
				GCC_DYNAMIC_NO_PIC = NO;
				GCC_OPTIMIZATION_LEVEL = 0;
				GCC_PREPROCESSOR_DEFINITIONS = (
					"DEBUG=1",
					"$(inherited)",
				);
				GCC_SYMBOLS_PRIVATE_EXTERN = NO;
				GCC_WARN_64_TO_32_BIT_CONVERSION = YES;
				GCC_WARN_ABOUT_RETURN_TYPE = YES_ERROR;
				GCC_WARN_UNDECLARED_SELECTOR = YES;
				GCC_WARN_UNINITIALIZED_AUTOS = YES_AGGRESSIVE;
				GCC_WARN_UNUSED_FUNCTION = YES;
				GCC_WARN_UNUSED_VARIABLE = YES;
				IPHONEOS_DEPLOYMENT_TARGET = 7.1;
				ONLY_ACTIVE_ARCH = YES;
				SDKROOT = iphoneos;
				TARGETED_DEVICE_FAMILY = "1,2";
			};
			name = Debug;
		};
		935190A2195CD035007B94DB /* Release */ = {
			isa = XCBuildConfiguration;
			buildSettings = {
				ALWAYS_SEARCH_USER_PATHS = NO;
				CLANG_CXX_LANGUAGE_STANDARD = "gnu++0x";
				CLANG_CXX_LIBRARY = "libc++";
				CLANG_ENABLE_MODULES = YES;
				CLANG_ENABLE_OBJC_ARC = YES;
				CLANG_WARN_BOOL_CONVERSION = YES;
				CLANG_WARN_CONSTANT_CONVERSION = YES;
				CLANG_WARN_DIRECT_OBJC_ISA_USAGE = YES_ERROR;
				CLANG_WARN_EMPTY_BODY = YES;
				CLANG_WARN_ENUM_CONVERSION = YES;
				CLANG_WARN_INT_CONVERSION = YES;
				CLANG_WARN_OBJC_ROOT_CLASS = YES_ERROR;
				CLANG_WARN__DUPLICATE_METHOD_MATCH = YES;
				"CODE_SIGN_IDENTITY[sdk=iphoneos*]" = "iPhone Developer";
				COPY_PHASE_STRIP = YES;
				ENABLE_NS_ASSERTIONS = NO;
				GCC_C_LANGUAGE_STANDARD = gnu99;
				GCC_WARN_64_TO_32_BIT_CONVERSION = YES;
				GCC_WARN_ABOUT_RETURN_TYPE = YES_ERROR;
				GCC_WARN_UNDECLARED_SELECTOR = YES;
				GCC_WARN_UNINITIALIZED_AUTOS = YES_AGGRESSIVE;
				GCC_WARN_UNUSED_FUNCTION = YES;
				GCC_WARN_UNUSED_VARIABLE = YES;
				IPHONEOS_DEPLOYMENT_TARGET = 7.1;
				SDKROOT = iphoneos;
				TARGETED_DEVICE_FAMILY = "1,2";
				VALIDATE_PRODUCT = YES;
			};
			name = Release;
		};
		935190A4195CD035007B94DB /* Debug */ = {
			isa = XCBuildConfiguration;
			buildSettings = {
				ASSETCATALOG_COMPILER_APPICON_NAME = AppIcon;
				ASSETCATALOG_COMPILER_LAUNCHIMAGE_NAME = LaunchImage;
				GCC_PRECOMPILE_PREFIX_HEADER = YES;
				GCC_PREFIX_HEADER = "WikiBird/WikiBird-Prefix.pch";
				INFOPLIST_FILE = "WikiBird/WikiBird-Info.plist";
				PRODUCT_NAME = "$(TARGET_NAME)";
				WRAPPER_EXTENSION = app;
			};
			name = Debug;
		};
		935190A5195CD035007B94DB /* Release */ = {
			isa = XCBuildConfiguration;
			buildSettings = {
				ASSETCATALOG_COMPILER_APPICON_NAME = AppIcon;
				ASSETCATALOG_COMPILER_LAUNCHIMAGE_NAME = LaunchImage;
				GCC_PRECOMPILE_PREFIX_HEADER = YES;
				GCC_PREFIX_HEADER = "WikiBird/WikiBird-Prefix.pch";
				INFOPLIST_FILE = "WikiBird/WikiBird-Info.plist";
				PRODUCT_NAME = "$(TARGET_NAME)";
				WRAPPER_EXTENSION = app;
			};
			name = Release;
		};
		935190A7195CD035007B94DB /* Debug */ = {
			isa = XCBuildConfiguration;
			buildSettings = {
				BUNDLE_LOADER = "$(BUILT_PRODUCTS_DIR)/WikiBird.app/WikiBird";
				FRAMEWORK_SEARCH_PATHS = (
					"$(SDKROOT)/Developer/Library/Frameworks",
					"$(inherited)",
					"$(DEVELOPER_FRAMEWORKS_DIR)",
				);
				GCC_PRECOMPILE_PREFIX_HEADER = YES;
				GCC_PREFIX_HEADER = "WikiBird/WikiBird-Prefix.pch";
				GCC_PREPROCESSOR_DEFINITIONS = (
					"DEBUG=1",
					"$(inherited)",
				);
				INFOPLIST_FILE = "WikiBirdTests/WikiBirdTests-Info.plist";
				PRODUCT_NAME = "$(TARGET_NAME)";
				TEST_HOST = "$(BUNDLE_LOADER)";
				WRAPPER_EXTENSION = xctest;
			};
			name = Debug;
		};
		935190A8195CD035007B94DB /* Release */ = {
			isa = XCBuildConfiguration;
			buildSettings = {
				BUNDLE_LOADER = "$(BUILT_PRODUCTS_DIR)/WikiBird.app/WikiBird";
				FRAMEWORK_SEARCH_PATHS = (
					"$(SDKROOT)/Developer/Library/Frameworks",
					"$(inherited)",
					"$(DEVELOPER_FRAMEWORKS_DIR)",
				);
				GCC_PRECOMPILE_PREFIX_HEADER = YES;
				GCC_PREFIX_HEADER = "WikiBird/WikiBird-Prefix.pch";
				INFOPLIST_FILE = "WikiBirdTests/WikiBirdTests-Info.plist";
				PRODUCT_NAME = "$(TARGET_NAME)";
				TEST_HOST = "$(BUNDLE_LOADER)";
				WRAPPER_EXTENSION = xctest;
			};
			name = Release;
		};
/* End XCBuildConfiguration section */

/* Begin XCConfigurationList section */
		93519069195CD035007B94DB /* Build configuration list for PBXProject "WikiBird" */ = {
			isa = XCConfigurationList;
			buildConfigurations = (
				935190A1195CD035007B94DB /* Debug */,
				935190A2195CD035007B94DB /* Release */,
			);
			defaultConfigurationIsVisible = 0;
			defaultConfigurationName = Release;
		};
		935190A3195CD035007B94DB /* Build configuration list for PBXNativeTarget "WikiBird" */ = {
			isa = XCConfigurationList;
			buildConfigurations = (
				935190A4195CD035007B94DB /* Debug */,
				935190A5195CD035007B94DB /* Release */,
			);
			defaultConfigurationIsVisible = 0;
			defaultConfigurationName = Release;
		};
		935190A6195CD035007B94DB /* Build configuration list for PBXNativeTarget "WikiBirdTests" */ = {
			isa = XCConfigurationList;
			buildConfigurations = (
				935190A7195CD035007B94DB /* Debug */,
				935190A8195CD035007B94DB /* Release */,
			);
			defaultConfigurationIsVisible = 0;
			defaultConfigurationName = Release;
		};
/* End XCConfigurationList section */

/* Begin XCVersionGroup section */
		935190D4195DC7D4007B94DB /* WikiBird.xcdatamodeld */ = {
			isa = XCVersionGroup;
			children = (
				935190D5195DC7D4007B94DB /* WikiBird.xcdatamodel */,
			);
			currentVersion = 935190D5195DC7D4007B94DB /* WikiBird.xcdatamodel */;
			path = WikiBird.xcdatamodeld;
			sourceTree = "<group>";
			versionGroupType = wrapper.xcdatamodel;
		};
/* End XCVersionGroup section */
	};
	rootObject = 93519066195CD035007B94DB /* Project object */;
}
