// !$*UTF8*$!
{
	archiveVersion = 1;
	classes = {
	};
	objectVersion = 46;
	objects = {

/* Begin PBXBuildFile section */
		933278D41960E34600CD9196 /* CoreData.framework in Frameworks */ = {isa = PBXBuildFile; fileRef = 933278D31960E34600CD9196 /* CoreData.framework */; };
		933278D61960E34600CD9196 /* Foundation.framework in Frameworks */ = {isa = PBXBuildFile; fileRef = 933278D51960E34600CD9196 /* Foundation.framework */; };
		933278D91960E34600CD9196 /* main.m in Sources */ = {isa = PBXBuildFile; fileRef = 933278D81960E34600CD9196 /* main.m */; };
		933278E01960E34600CD9196 /* WikiBirdImporter.1 in Copy Files */ = {isa = PBXBuildFile; fileRef = 933278DF1960E34600CD9196 /* WikiBirdImporter.1 */; };
		933278E81960E48900CD9196 /* WikiBird.xcdatamodeld in Sources */ = {isa = PBXBuildFile; fileRef = 933278E61960E48900CD9196 /* WikiBird.xcdatamodeld */; };
		933278F91960E86B00CD9196 /* wikiBird.json in CopyFiles */ = {isa = PBXBuildFile; fileRef = 933278F51960E61800CD9196 /* wikiBird.json */; };
		933279431962314D00CD9196 /* BirdImage+Helper.m in Sources */ = {isa = PBXBuildFile; fileRef = 933279341962314D00CD9196 /* BirdImage+Helper.m */; };
		933279441962314D00CD9196 /* ManagedObjectContext.m in Sources */ = {isa = PBXBuildFile; fileRef = 933279361962314D00CD9196 /* ManagedObjectContext.m */; };
		933279451962314D00CD9196 /* NSManagedObject+Helper.m in Sources */ = {isa = PBXBuildFile; fileRef = 933279381962314D00CD9196 /* NSManagedObject+Helper.m */; };
		933279461962314D00CD9196 /* Bird.m in Sources */ = {isa = PBXBuildFile; fileRef = 9332793B1962314D00CD9196 /* Bird.m */; };
		933279471962314D00CD9196 /* BirdGroup.m in Sources */ = {isa = PBXBuildFile; fileRef = 9332793D1962314D00CD9196 /* BirdGroup.m */; };
		933279481962314D00CD9196 /* BirdImage.m in Sources */ = {isa = PBXBuildFile; fileRef = 9332793F1962314D00CD9196 /* BirdImage.m */; };
		933279491962314D00CD9196 /* State.m in Sources */ = {isa = PBXBuildFile; fileRef = 933279411962314D00CD9196 /* State.m */; };
/* End PBXBuildFile section */

/* Begin PBXCopyFilesBuildPhase section */
		933278CE1960E34600CD9196 /* Copy Files */ = {
			isa = PBXCopyFilesBuildPhase;
			buildActionMask = 2147483647;
			dstPath = /usr/share/man/man1/;
			dstSubfolderSpec = 0;
			files = (
				933278E01960E34600CD9196 /* WikiBirdImporter.1 in Copy Files */,
			);
			name = "Copy Files";
			runOnlyForDeploymentPostprocessing = 1;
		};
		933278F81960E86400CD9196 /* CopyFiles */ = {
			isa = PBXCopyFilesBuildPhase;
			buildActionMask = 2147483647;
			dstPath = "";
			dstSubfolderSpec = 7;
			files = (
				933278F91960E86B00CD9196 /* wikiBird.json in CopyFiles */,
			);
			runOnlyForDeploymentPostprocessing = 0;
		};
/* End PBXCopyFilesBuildPhase section */

/* Begin PBXFileReference section */
		933278D01960E34600CD9196 /* WikiBirdImporter */ = {isa = PBXFileReference; explicitFileType = "compiled.mach-o.executable"; includeInIndex = 0; path = WikiBirdImporter; sourceTree = BUILT_PRODUCTS_DIR; };
		933278D31960E34600CD9196 /* CoreData.framework */ = {isa = PBXFileReference; lastKnownFileType = wrapper.framework; name = CoreData.framework; path = System/Library/Frameworks/CoreData.framework; sourceTree = SDKROOT; };
		933278D51960E34600CD9196 /* Foundation.framework */ = {isa = PBXFileReference; lastKnownFileType = wrapper.framework; name = Foundation.framework; path = System/Library/Frameworks/Foundation.framework; sourceTree = SDKROOT; };
		933278D81960E34600CD9196 /* main.m */ = {isa = PBXFileReference; lastKnownFileType = sourcecode.c.objc; path = main.m; sourceTree = "<group>"; };
		933278DB1960E34600CD9196 /* WikiBirdImporter-Prefix.pch */ = {isa = PBXFileReference; lastKnownFileType = sourcecode.c.h; path = "WikiBirdImporter-Prefix.pch"; sourceTree = "<group>"; };
		933278DF1960E34600CD9196 /* WikiBirdImporter.1 */ = {isa = PBXFileReference; lastKnownFileType = text.man; path = WikiBirdImporter.1; sourceTree = "<group>"; };
		933278E71960E48900CD9196 /* WikiBird.xcdatamodel */ = {isa = PBXFileReference; lastKnownFileType = wrapper.xcdatamodel; path = WikiBird.xcdatamodel; sourceTree = "<group>"; };
		933278F51960E61800CD9196 /* wikiBird.json */ = {isa = PBXFileReference; fileEncoding = 4; lastKnownFileType = text.json; name = wikiBird.json; path = ../../WikiBirdScraping/wikiBird.json; sourceTree = "<group>"; };
		933279331962314D00CD9196 /* BirdImage+Helper.h */ = {isa = PBXFileReference; fileEncoding = 4; lastKnownFileType = sourcecode.c.h; path = "BirdImage+Helper.h"; sourceTree = "<group>"; };
		933279341962314D00CD9196 /* BirdImage+Helper.m */ = {isa = PBXFileReference; fileEncoding = 4; lastKnownFileType = sourcecode.c.objc; path = "BirdImage+Helper.m"; sourceTree = "<group>"; };
		933279351962314D00CD9196 /* ManagedObjectContext.h */ = {isa = PBXFileReference; fileEncoding = 4; lastKnownFileType = sourcecode.c.h; path = ManagedObjectContext.h; sourceTree = "<group>"; };
		933279361962314D00CD9196 /* ManagedObjectContext.m */ = {isa = PBXFileReference; fileEncoding = 4; lastKnownFileType = sourcecode.c.objc; path = ManagedObjectContext.m; sourceTree = "<group>"; };
		933279371962314D00CD9196 /* NSManagedObject+Helper.h */ = {isa = PBXFileReference; fileEncoding = 4; lastKnownFileType = sourcecode.c.h; path = "NSManagedObject+Helper.h"; sourceTree = "<group>"; };
		933279381962314D00CD9196 /* NSManagedObject+Helper.m */ = {isa = PBXFileReference; fileEncoding = 4; lastKnownFileType = sourcecode.c.objc; path = "NSManagedObject+Helper.m"; sourceTree = "<group>"; };
		9332793A1962314D00CD9196 /* Bird.h */ = {isa = PBXFileReference; fileEncoding = 4; lastKnownFileType = sourcecode.c.h; path = Bird.h; sourceTree = "<group>"; };
		9332793B1962314D00CD9196 /* Bird.m */ = {isa = PBXFileReference; fileEncoding = 4; lastKnownFileType = sourcecode.c.objc; path = Bird.m; sourceTree = "<group>"; };
		9332793C1962314D00CD9196 /* BirdGroup.h */ = {isa = PBXFileReference; fileEncoding = 4; lastKnownFileType = sourcecode.c.h; path = BirdGroup.h; sourceTree = "<group>"; };
		9332793D1962314D00CD9196 /* BirdGroup.m */ = {isa = PBXFileReference; fileEncoding = 4; lastKnownFileType = sourcecode.c.objc; path = BirdGroup.m; sourceTree = "<group>"; };
		9332793E1962314D00CD9196 /* BirdImage.h */ = {isa = PBXFileReference; fileEncoding = 4; lastKnownFileType = sourcecode.c.h; path = BirdImage.h; sourceTree = "<group>"; };
		9332793F1962314D00CD9196 /* BirdImage.m */ = {isa = PBXFileReference; fileEncoding = 4; lastKnownFileType = sourcecode.c.objc; path = BirdImage.m; sourceTree = "<group>"; };
		933279401962314D00CD9196 /* State.h */ = {isa = PBXFileReference; fileEncoding = 4; lastKnownFileType = sourcecode.c.h; path = State.h; sourceTree = "<group>"; };
		933279411962314D00CD9196 /* State.m */ = {isa = PBXFileReference; fileEncoding = 4; lastKnownFileType = sourcecode.c.objc; path = State.m; sourceTree = "<group>"; };
/* End PBXFileReference section */

/* Begin PBXFrameworksBuildPhase section */
		933278CD1960E34600CD9196 /* Frameworks */ = {
			isa = PBXFrameworksBuildPhase;
			buildActionMask = 2147483647;
			files = (
				933278D41960E34600CD9196 /* CoreData.framework in Frameworks */,
				933278D61960E34600CD9196 /* Foundation.framework in Frameworks */,
			);
			runOnlyForDeploymentPostprocessing = 0;
		};
/* End PBXFrameworksBuildPhase section */

/* Begin PBXGroup section */
		933278C71960E34600CD9196 = {
			isa = PBXGroup;
			children = (
				933278D71960E34600CD9196 /* WikiBirdImporter */,
				933278D21960E34600CD9196 /* Frameworks */,
				933278D11960E34600CD9196 /* Products */,
			);
			sourceTree = "<group>";
		};
		933278D11960E34600CD9196 /* Products */ = {
			isa = PBXGroup;
			children = (
				933278D01960E34600CD9196 /* WikiBirdImporter */,
			);
			name = Products;
			sourceTree = "<group>";
		};
		933278D21960E34600CD9196 /* Frameworks */ = {
			isa = PBXGroup;
			children = (
				933278D31960E34600CD9196 /* CoreData.framework */,
				933278D51960E34600CD9196 /* Foundation.framework */,
			);
			name = Frameworks;
			sourceTree = "<group>";
		};
		933278D71960E34600CD9196 /* WikiBirdImporter */ = {
			isa = PBXGroup;
			children = (
				933279301962314D00CD9196 /* Categories */,
				933279391962314D00CD9196 /* Models */,
				933278F51960E61800CD9196 /* wikiBird.json */,
				933278E61960E48900CD9196 /* WikiBird.xcdatamodeld */,
				933278D81960E34600CD9196 /* main.m */,
				933278DF1960E34600CD9196 /* WikiBirdImporter.1 */,
				933278DA1960E34600CD9196 /* Supporting Files */,
			);
			path = WikiBirdImporter;
			sourceTree = "<group>";
		};
		933278DA1960E34600CD9196 /* Supporting Files */ = {
			isa = PBXGroup;
			children = (
				933278DB1960E34600CD9196 /* WikiBirdImporter-Prefix.pch */,
			);
			name = "Supporting Files";
			sourceTree = "<group>";
		};
		933279301962314D00CD9196 /* Categories */ = {
			isa = PBXGroup;
			children = (
				933279331962314D00CD9196 /* BirdImage+Helper.h */,
				933279341962314D00CD9196 /* BirdImage+Helper.m */,
				933279351962314D00CD9196 /* ManagedObjectContext.h */,
				933279361962314D00CD9196 /* ManagedObjectContext.m */,
				933279371962314D00CD9196 /* NSManagedObject+Helper.h */,
				933279381962314D00CD9196 /* NSManagedObject+Helper.m */,
			);
			name = Categories;
			path = ../../WikiBird/WikiBird/CoreData/Categories;
			sourceTree = "<group>";
		};
		933279391962314D00CD9196 /* Models */ = {
			isa = PBXGroup;
			children = (
				9332793A1962314D00CD9196 /* Bird.h */,
				9332793B1962314D00CD9196 /* Bird.m */,
				9332793C1962314D00CD9196 /* BirdGroup.h */,
				9332793D1962314D00CD9196 /* BirdGroup.m */,
				9332793E1962314D00CD9196 /* BirdImage.h */,
				9332793F1962314D00CD9196 /* BirdImage.m */,
				933279401962314D00CD9196 /* State.h */,
				933279411962314D00CD9196 /* State.m */,
			);
			name = Models;
			path = ../../WikiBird/WikiBird/CoreData/Models;
			sourceTree = "<group>";
		};
/* End PBXGroup section */

/* Begin PBXNativeTarget section */
		933278CF1960E34600CD9196 /* WikiBirdImporter */ = {
			isa = PBXNativeTarget;
			buildConfigurationList = 933278E31960E34600CD9196 /* Build configuration list for PBXNativeTarget "WikiBirdImporter" */;
			buildPhases = (
				933278CC1960E34600CD9196 /* Sources */,
				933278CD1960E34600CD9196 /* Frameworks */,
				933278CE1960E34600CD9196 /* Copy Files */,
				933278F81960E86400CD9196 /* CopyFiles */,
			);
			buildRules = (
			);
			dependencies = (
			);
			name = WikiBirdImporter;
			productName = WikiBirdImporter;
			productReference = 933278D01960E34600CD9196 /* WikiBirdImporter */;
			productType = "com.apple.product-type.tool";
		};
/* End PBXNativeTarget section */

/* Begin PBXProject section */
		933278C81960E34600CD9196 /* Project object */ = {
			isa = PBXProject;
			attributes = {
				LastUpgradeCheck = 0510;
				ORGANIZATIONNAME = "Grant Amos";
			};
			buildConfigurationList = 933278CB1960E34600CD9196 /* Build configuration list for PBXProject "WikiBirdImporter" */;
			compatibilityVersion = "Xcode 3.2";
			developmentRegion = English;
			hasScannedForEncodings = 0;
			knownRegions = (
				en,
			);
			mainGroup = 933278C71960E34600CD9196;
			productRefGroup = 933278D11960E34600CD9196 /* Products */;
			projectDirPath = "";
			projectRoot = "";
			targets = (
				933278CF1960E34600CD9196 /* WikiBirdImporter */,
			);
		};
/* End PBXProject section */

/* Begin PBXSourcesBuildPhase section */
		933278CC1960E34600CD9196 /* Sources */ = {
			isa = PBXSourcesBuildPhase;
			buildActionMask = 2147483647;
			files = (
				933279481962314D00CD9196 /* BirdImage.m in Sources */,
				933279491962314D00CD9196 /* State.m in Sources */,
				933279431962314D00CD9196 /* BirdImage+Helper.m in Sources */,
				933279451962314D00CD9196 /* NSManagedObject+Helper.m in Sources */,
				933278E81960E48900CD9196 /* WikiBird.xcdatamodeld in Sources */,
				933279461962314D00CD9196 /* Bird.m in Sources */,
				933279471962314D00CD9196 /* BirdGroup.m in Sources */,
				933279441962314D00CD9196 /* ManagedObjectContext.m in Sources */,
				933278D91960E34600CD9196 /* main.m in Sources */,
			);
			runOnlyForDeploymentPostprocessing = 0;
		};
/* End PBXSourcesBuildPhase section */

/* Begin XCBuildConfiguration section */
		933278E11960E34600CD9196 /* Debug */ = {
			isa = XCBuildConfiguration;
			buildSettings = {
				ALWAYS_SEARCH_USER_PATHS = NO;
				CLANG_CXX_LANGUAGE_STANDARD = "gnu++0x";
				CLANG_CXX_LIBRARY = "libc++";
				CLANG_ENABLE_MODULES = YES;
				CLANG_ENABLE_OBJC_ARC = YES;
				CLANG_WARN_BOOL_CONVERSION = YES;
				CLANG_WARN_CONSTANT_CONVERSION = YES;
				CLANG_WARN_DIRECT_OBJC_ISA_USAGE = YES_ERROR;
				CLANG_WARN_EMPTY_BODY = YES;
				CLANG_WARN_ENUM_CONVERSION = YES;
				CLANG_WARN_INT_CONVERSION = YES;
				CLANG_WARN_OBJC_ROOT_CLASS = YES_ERROR;
				CLANG_WARN__DUPLICATE_METHOD_MATCH = YES;
				COPY_PHASE_STRIP = NO;
				GCC_C_LANGUAGE_STANDARD = gnu99;
				GCC_DYNAMIC_NO_PIC = NO;
				GCC_ENABLE_OBJC_EXCEPTIONS = YES;
				GCC_OPTIMIZATION_LEVEL = 0;
				GCC_PREPROCESSOR_DEFINITIONS = (
					"DEBUG=1",
					"$(inherited)",
				);
				GCC_SYMBOLS_PRIVATE_EXTERN = NO;
				GCC_WARN_64_TO_32_BIT_CONVERSION = YES;
				GCC_WARN_ABOUT_RETURN_TYPE = YES_ERROR;
				GCC_WARN_UNDECLARED_SELECTOR = YES;
				GCC_WARN_UNINITIALIZED_AUTOS = YES_AGGRESSIVE;
				GCC_WARN_UNUSED_FUNCTION = YES;
				GCC_WARN_UNUSED_VARIABLE = YES;
				MACOSX_DEPLOYMENT_TARGET = 10.9;
				ONLY_ACTIVE_ARCH = YES;
				SDKROOT = macosx;
			};
			name = Debug;
		};
		933278E21960E34600CD9196 /* Release */ = {
			isa = XCBuildConfiguration;
			buildSettings = {
				ALWAYS_SEARCH_USER_PATHS = NO;
				CLANG_CXX_LANGUAGE_STANDARD = "gnu++0x";
				CLANG_CXX_LIBRARY = "libc++";
				CLANG_ENABLE_MODULES = YES;
				CLANG_ENABLE_OBJC_ARC = YES;
				CLANG_WARN_BOOL_CONVERSION = YES;
				CLANG_WARN_CONSTANT_CONVERSION = YES;
				CLANG_WARN_DIRECT_OBJC_ISA_USAGE = YES_ERROR;
				CLANG_WARN_EMPTY_BODY = YES;
				CLANG_WARN_ENUM_CONVERSION = YES;
				CLANG_WARN_INT_CONVERSION = YES;
				CLANG_WARN_OBJC_ROOT_CLASS = YES_ERROR;
				CLANG_WARN__DUPLICATE_METHOD_MATCH = YES;
				COPY_PHASE_STRIP = YES;
				DEBUG_INFORMATION_FORMAT = "dwarf-with-dsym";
				ENABLE_NS_ASSERTIONS = NO;
				GCC_C_LANGUAGE_STANDARD = gnu99;
				GCC_ENABLE_OBJC_EXCEPTIONS = YES;
				GCC_WARN_64_TO_32_BIT_CONVERSION = YES;
				GCC_WARN_ABOUT_RETURN_TYPE = YES_ERROR;
				GCC_WARN_UNDECLARED_SELECTOR = YES;
				GCC_WARN_UNINITIALIZED_AUTOS = YES_AGGRESSIVE;
				GCC_WARN_UNUSED_FUNCTION = YES;
				GCC_WARN_UNUSED_VARIABLE = YES;
				MACOSX_DEPLOYMENT_TARGET = 10.9;
				SDKROOT = macosx;
			};
			name = Release;
		};
		933278E41960E34600CD9196 /* Debug */ = {
			isa = XCBuildConfiguration;
			buildSettings = {
				GCC_PRECOMPILE_PREFIX_HEADER = YES;
				GCC_PREFIX_HEADER = "WikiBirdImporter/WikiBirdImporter-Prefix.pch";
				PRODUCT_NAME = "$(TARGET_NAME)";
			};
			name = Debug;
		};
		933278E51960E34600CD9196 /* Release */ = {
			isa = XCBuildConfiguration;
			buildSettings = {
				GCC_PRECOMPILE_PREFIX_HEADER = YES;
				GCC_PREFIX_HEADER = "WikiBirdImporter/WikiBirdImporter-Prefix.pch";
				PRODUCT_NAME = "$(TARGET_NAME)";
			};
			name = Release;
		};
/* End XCBuildConfiguration section */

/* Begin XCConfigurationList section */
		933278CB1960E34600CD9196 /* Build configuration list for PBXProject "WikiBirdImporter" */ = {
			isa = XCConfigurationList;
			buildConfigurations = (
				933278E11960E34600CD9196 /* Debug */,
				933278E21960E34600CD9196 /* Release */,
			);
			defaultConfigurationIsVisible = 0;
			defaultConfigurationName = Release;
		};
		933278E31960E34600CD9196 /* Build configuration list for PBXNativeTarget "WikiBirdImporter" */ = {
			isa = XCConfigurationList;
			buildConfigurations = (
				933278E41960E34600CD9196 /* Debug */,
				933278E51960E34600CD9196 /* Release */,
			);
			defaultConfigurationIsVisible = 0;
			defaultConfigurationName = Release;
		};
/* End XCConfigurationList section */

/* Begin XCVersionGroup section */
		933278E61960E48900CD9196 /* WikiBird.xcdatamodeld */ = {
			isa = XCVersionGroup;
			children = (
				933278E71960E48900CD9196 /* WikiBird.xcdatamodel */,
			);
			currentVersion = 933278E71960E48900CD9196 /* WikiBird.xcdatamodel */;
			name = WikiBird.xcdatamodeld;
			path = ../../WikiBird/WikiBird/CoreData/WikiBird.xcdatamodeld;
			sourceTree = "<group>";
			versionGroupType = wrapper.xcdatamodel;
		};
/* End XCVersionGroup section */
	};
	rootObject = 933278C81960E34600CD9196 /* Project object */;
}
